
Microsoft Visual Studio Solution File, Format Version 12.00
# Visual Studio Version 17
VisualStudioVersion = 17.13.35507.96 d17.13
MinimumVisualStudioVersion = 10.0.40219.1
Project("{FAE04EC0-301F-11D3-BF4B-00C04F79EFBC}") = "HospitalPatientAPI", "HospitalPatientAPI.csproj", "{3AE92992-77FF-4B58-BB2C-67BF23F46C68}"
EndProject
Global
	GlobalSection(SolutionConfigurationPlatforms) = preSolution
		Debug|Any CPU = Debug|Any CPU
		Release|Any CPU = Release|Any CPU
	EndGlobalSection
	GlobalSection(ProjectConfigurationPlatforms) = postSolution
		{3AE92992-77FF-4B58-BB2C-67BF23F46C68}.Debug|Any CPU.ActiveCfg = Debug|Any CPU
		{3AE92992-77FF-4B58-BB2C-67BF23F46C68}.Debug|Any CPU.Build.0 = Debug|Any CPU
		{3AE92992-77FF-4B58-BB2C-67BF23F46C68}.Release|Any CPU.ActiveCfg = Release|Any CPU
		{3AE92992-77FF-4B58-BB2C-67BF23F46C68}.Release|Any CPU.Build.0 = Release|Any CPU
	EndGlobalSection
	GlobalSection(SolutionProperties) = preSolution
		HideSolutionNode = FALSE
	EndGlobalSection
	GlobalSection(ExtensibilityGlobals) = postSolution
		SolutionGuid = {8F670FA8-1A83-435E-99CD-60C3F593248B}
	EndGlobalSection
EndGlobal
